// !$*UTF8*$!
{
	archiveVersion = 1;
	classes = {
	};
	objectVersion = 46;
	objects = {

/* Begin PBXBuildFile section */
		8900F3BC1B0C0BB800C698B9 /* AppDelegate.swift in Sources */ = {isa = PBXBuildFile; fileRef = 8900F3BB1B0C0BB800C698B9 /* AppDelegate.swift */; };
		8900F3BE1B0C0BB800C698B9 /* ViewController.swift in Sources */ = {isa = PBXBuildFile; fileRef = 8900F3BD1B0C0BB800C698B9 /* ViewController.swift */; };
		8900F3C11B0C0BB800C698B9 /* Main.storyboard in Resources */ = {isa = PBXBuildFile; fileRef = 8900F3BF1B0C0BB800C698B9 /* Main.storyboard */; };
		8900F3C31B0C0BB800C698B9 /* Images.xcassets in Resources */ = {isa = PBXBuildFile; fileRef = 8900F3C21B0C0BB800C698B9 /* Images.xcassets */; };
		8900F3D21B0C0BB900C698B9 /* DraperTests.swift in Sources */ = {isa = PBXBuildFile; fileRef = 8900F3D11B0C0BB900C698B9 /* DraperTests.swift */; };
		8900F3E11B0C126000C698B9 /* Bolts.framework in Frameworks */ = {isa = PBXBuildFile; fileRef = 8900F3DB1B0C126000C698B9 /* Bolts.framework */; };
		8900F3E61B0C126000C698B9 /* Parse.framework in Frameworks */ = {isa = PBXBuildFile; fileRef = 8900F3E01B0C126000C698B9 /* Parse.framework */; };
		8900F3E91B0C12C500C698B9 /* AudioToolbox.framework in Frameworks */ = {isa = PBXBuildFile; fileRef = 8900F3E81B0C12C500C698B9 /* AudioToolbox.framework */; };
		8900F3EB1B0C12DA00C698B9 /* CFNetwork.framework in Frameworks */ = {isa = PBXBuildFile; fileRef = 8900F3EA1B0C12DA00C698B9 /* CFNetwork.framework */; };
		8900F3ED1B0C12E200C698B9 /* CoreGraphics.framework in Frameworks */ = {isa = PBXBuildFile; fileRef = 8900F3EC1B0C12E200C698B9 /* CoreGraphics.framework */; };
		8900F3EF1B0C12E700C698B9 /* CoreLocation.framework in Frameworks */ = {isa = PBXBuildFile; fileRef = 8900F3EE1B0C12E700C698B9 /* CoreLocation.framework */; };
		8900F3F11B0C12EF00C698B9 /* MobileCoreServices.framework in Frameworks */ = {isa = PBXBuildFile; fileRef = 8900F3F01B0C12EF00C698B9 /* MobileCoreServices.framework */; };
		8900F3F31B0C12F600C698B9 /* QuartzCore.framework in Frameworks */ = {isa = PBXBuildFile; fileRef = 8900F3F21B0C12F600C698B9 /* QuartzCore.framework */; };
		8900F3F51B0C12FB00C698B9 /* Security.framework in Frameworks */ = {isa = PBXBuildFile; fileRef = 8900F3F41B0C12FB00C698B9 /* Security.framework */; };
		8900F3F71B0C130300C698B9 /* StoreKit.framework in Frameworks */ = {isa = PBXBuildFile; fileRef = 8900F3F61B0C130300C698B9 /* StoreKit.framework */; };
		8900F3F91B0C130900C698B9 /* SystemConfiguration.framework in Frameworks */ = {isa = PBXBuildFile; fileRef = 8900F3F81B0C130900C698B9 /* SystemConfiguration.framework */; };
		8900F3FB1B0C130F00C698B9 /* libz.dylib in Frameworks */ = {isa = PBXBuildFile; fileRef = 8900F3FA1B0C130F00C698B9 /* libz.dylib */; };
		8900F3FD1B0C131700C698B9 /* libsqlite3.dylib in Frameworks */ = {isa = PBXBuildFile; fileRef = 8900F3FC1B0C131700C698B9 /* libsqlite3.dylib */; };
		8900F4021B0C168000C698B9 /* ParseCrashReporting.framework in Frameworks */ = {isa = PBXBuildFile; fileRef = 8900F3FE1B0C168000C698B9 /* ParseCrashReporting.framework */; };
		8900F4031B0C168000C698B9 /* ParseUI.framework in Frameworks */ = {isa = PBXBuildFile; fileRef = 8900F3FF1B0C168000C698B9 /* ParseUI.framework */; };
		8900F4041B0C168000C698B9 /* ParseFacebookUtilsV4.framework in Frameworks */ = {isa = PBXBuildFile; fileRef = 8900F4001B0C168000C698B9 /* ParseFacebookUtilsV4.framework */; };
		8900F4051B0C168000C698B9 /* ParseFacebookUtils.framework in Frameworks */ = {isa = PBXBuildFile; fileRef = 8900F4011B0C168000C698B9 /* ParseFacebookUtils.framework */; };
		89B3A9C11B13D74D0034B536 /* Default-568h@2x.png in Resources */ = {isa = PBXBuildFile; fileRef = 89B3A9C01B13D74D0034B536 /* Default-568h@2x.png */; };
		89B3A9C31B13D75B0034B536 /* Default@2x.png in Resources */ = {isa = PBXBuildFile; fileRef = 89B3A9C21B13D75B0034B536 /* Default@2x.png */; };
		89CFD11C1B0FCBF0001BE82F /* UIViewExtensions.swift in Sources */ = {isa = PBXBuildFile; fileRef = 89CFD11B1B0FCBF0001BE82F /* UIViewExtensions.swift */; };
		89CFD11E1B11304D001BE82F /* Settings.bundle in Resources */ = {isa = PBXBuildFile; fileRef = 89CFD11D1B11304D001BE82F /* Settings.bundle */; };
		89CFD1371B12715C001BE82F /* CooperHewitt-Bold.otf in Resources */ = {isa = PBXBuildFile; fileRef = 89CFD1271B127111001BE82F /* CooperHewitt-Bold.otf */; };
		89CFD1381B1271B1001BE82F /* CooperHewitt-BoldItalic.otf in Resources */ = {isa = PBXBuildFile; fileRef = 89CFD1281B127111001BE82F /* CooperHewitt-BoldItalic.otf */; };
		89CFD1391B1271B1001BE82F /* CooperHewitt-Book.otf in Resources */ = {isa = PBXBuildFile; fileRef = 89CFD1291B127111001BE82F /* CooperHewitt-Book.otf */; };
		89CFD13A1B1271B1001BE82F /* CooperHewitt-BookItalic.otf in Resources */ = {isa = PBXBuildFile; fileRef = 89CFD12A1B127111001BE82F /* CooperHewitt-BookItalic.otf */; };
		89CFD13B1B1271B1001BE82F /* CooperHewitt-Heavy.otf in Resources */ = {isa = PBXBuildFile; fileRef = 89CFD12B1B127111001BE82F /* CooperHewitt-Heavy.otf */; };
		89CFD13C1B1271B1001BE82F /* CooperHewitt-HeavyItalic.otf in Resources */ = {isa = PBXBuildFile; fileRef = 89CFD12C1B127111001BE82F /* CooperHewitt-HeavyItalic.otf */; };
		89CFD13D1B1271B1001BE82F /* CooperHewitt-Light.otf in Resources */ = {isa = PBXBuildFile; fileRef = 89CFD12D1B127111001BE82F /* CooperHewitt-Light.otf */; };
		89CFD13E1B1271B1001BE82F /* CooperHewitt-LightItalic.otf in Resources */ = {isa = PBXBuildFile; fileRef = 89CFD12E1B127111001BE82F /* CooperHewitt-LightItalic.otf */; };
		89CFD13F1B1271B1001BE82F /* CooperHewitt-Medium.otf in Resources */ = {isa = PBXBuildFile; fileRef = 89CFD12F1B127111001BE82F /* CooperHewitt-Medium.otf */; };
		89CFD1401B1271B1001BE82F /* CooperHewitt-MediumItalic.otf in Resources */ = {isa = PBXBuildFile; fileRef = 89CFD1301B127111001BE82F /* CooperHewitt-MediumItalic.otf */; };
		89CFD1411B1271B1001BE82F /* CooperHewitt-Semibold.otf in Resources */ = {isa = PBXBuildFile; fileRef = 89CFD1311B127111001BE82F /* CooperHewitt-Semibold.otf */; };
		89CFD1421B1271B1001BE82F /* CooperHewitt-SemiboldItalic.otf in Resources */ = {isa = PBXBuildFile; fileRef = 89CFD1321B127111001BE82F /* CooperHewitt-SemiboldItalic.otf */; };
		89CFD1431B1271B1001BE82F /* CooperHewitt-Thin.otf in Resources */ = {isa = PBXBuildFile; fileRef = 89CFD1331B127111001BE82F /* CooperHewitt-Thin.otf */; };
		89CFD1441B1271B1001BE82F /* CooperHewitt-ThinItalic.otf in Resources */ = {isa = PBXBuildFile; fileRef = 89CFD1341B127111001BE82F /* CooperHewitt-ThinItalic.otf */; };
/* End PBXBuildFile section */

/* Begin PBXContainerItemProxy section */
		8900F3CC1B0C0BB800C698B9 /* PBXContainerItemProxy */ = {
			isa = PBXContainerItemProxy;
			containerPortal = 8900F3AE1B0C0BB800C698B9 /* Project object */;
			proxyType = 1;
			remoteGlobalIDString = 8900F3B51B0C0BB800C698B9;
			remoteInfo = MadMen;
		};
/* End PBXContainerItemProxy section */

/* Begin PBXFileReference section */
		8900F3B61B0C0BB800C698B9 /* Draper.app */ = {isa = PBXFileReference; explicitFileType = wrapper.application; includeInIndex = 0; path = Draper.app; sourceTree = BUILT_PRODUCTS_DIR; };
		8900F3BA1B0C0BB800C698B9 /* Info.plist */ = {isa = PBXFileReference; lastKnownFileType = text.plist.xml; path = Info.plist; sourceTree = "<group>"; };
		8900F3BB1B0C0BB800C698B9 /* AppDelegate.swift */ = {isa = PBXFileReference; lastKnownFileType = sourcecode.swift; path = AppDelegate.swift; sourceTree = "<group>"; };
		8900F3BD1B0C0BB800C698B9 /* ViewController.swift */ = {isa = PBXFileReference; lastKnownFileType = sourcecode.swift; path = ViewController.swift; sourceTree = "<group>"; };
		8900F3C01B0C0BB800C698B9 /* Base */ = {isa = PBXFileReference; lastKnownFileType = file.storyboard; name = Base; path = Base.lproj/Main.storyboard; sourceTree = "<group>"; };
		8900F3C21B0C0BB800C698B9 /* Images.xcassets */ = {isa = PBXFileReference; lastKnownFileType = folder.assetcatalog; path = Images.xcassets; sourceTree = "<group>"; };
		8900F3CB1B0C0BB800C698B9 /* Draper.Tests.xctest */ = {isa = PBXFileReference; explicitFileType = wrapper.cfbundle; includeInIndex = 0; path = Draper.Tests.xctest; sourceTree = BUILT_PRODUCTS_DIR; };
		8900F3D01B0C0BB900C698B9 /* Info.plist */ = {isa = PBXFileReference; lastKnownFileType = text.plist.xml; path = Info.plist; sourceTree = "<group>"; };
		8900F3D11B0C0BB900C698B9 /* DraperTests.swift */ = {isa = PBXFileReference; lastKnownFileType = sourcecode.swift; path = DraperTests.swift; sourceTree = "<group>"; };
		8900F3DB1B0C126000C698B9 /* Bolts.framework */ = {isa = PBXFileReference; lastKnownFileType = wrapper.framework; path = Bolts.framework; sourceTree = "<group>"; };
		8900F3E01B0C126000C698B9 /* Parse.framework */ = {isa = PBXFileReference; lastKnownFileType = wrapper.framework; path = Parse.framework; sourceTree = "<group>"; };
		8900F3E81B0C12C500C698B9 /* AudioToolbox.framework */ = {isa = PBXFileReference; lastKnownFileType = wrapper.framework; name = AudioToolbox.framework; path = System/Library/Frameworks/AudioToolbox.framework; sourceTree = SDKROOT; };
		8900F3EA1B0C12DA00C698B9 /* CFNetwork.framework */ = {isa = PBXFileReference; lastKnownFileType = wrapper.framework; name = CFNetwork.framework; path = System/Library/Frameworks/CFNetwork.framework; sourceTree = SDKROOT; };
		8900F3EC1B0C12E200C698B9 /* CoreGraphics.framework */ = {isa = PBXFileReference; lastKnownFileType = wrapper.framework; name = CoreGraphics.framework; path = System/Library/Frameworks/CoreGraphics.framework; sourceTree = SDKROOT; };
		8900F3EE1B0C12E700C698B9 /* CoreLocation.framework */ = {isa = PBXFileReference; lastKnownFileType = wrapper.framework; name = CoreLocation.framework; path = System/Library/Frameworks/CoreLocation.framework; sourceTree = SDKROOT; };
		8900F3F01B0C12EF00C698B9 /* MobileCoreServices.framework */ = {isa = PBXFileReference; lastKnownFileType = wrapper.framework; name = MobileCoreServices.framework; path = System/Library/Frameworks/MobileCoreServices.framework; sourceTree = SDKROOT; };
		8900F3F21B0C12F600C698B9 /* QuartzCore.framework */ = {isa = PBXFileReference; lastKnownFileType = wrapper.framework; name = QuartzCore.framework; path = System/Library/Frameworks/QuartzCore.framework; sourceTree = SDKROOT; };
		8900F3F41B0C12FB00C698B9 /* Security.framework */ = {isa = PBXFileReference; lastKnownFileType = wrapper.framework; name = Security.framework; path = System/Library/Frameworks/Security.framework; sourceTree = SDKROOT; };
		8900F3F61B0C130300C698B9 /* StoreKit.framework */ = {isa = PBXFileReference; lastKnownFileType = wrapper.framework; name = StoreKit.framework; path = System/Library/Frameworks/StoreKit.framework; sourceTree = SDKROOT; };
		8900F3F81B0C130900C698B9 /* SystemConfiguration.framework */ = {isa = PBXFileReference; lastKnownFileType = wrapper.framework; name = SystemConfiguration.framework; path = System/Library/Frameworks/SystemConfiguration.framework; sourceTree = SDKROOT; };
		8900F3FA1B0C130F00C698B9 /* libz.dylib */ = {isa = PBXFileReference; lastKnownFileType = "compiled.mach-o.dylib"; name = libz.dylib; path = usr/lib/libz.dylib; sourceTree = SDKROOT; };
		8900F3FC1B0C131700C698B9 /* libsqlite3.dylib */ = {isa = PBXFileReference; lastKnownFileType = "compiled.mach-o.dylib"; name = libsqlite3.dylib; path = usr/lib/libsqlite3.dylib; sourceTree = SDKROOT; };
		8900F3FE1B0C168000C698B9 /* ParseCrashReporting.framework */ = {isa = PBXFileReference; lastKnownFileType = wrapper.framework; path = ParseCrashReporting.framework; sourceTree = "<group>"; };
		8900F3FF1B0C168000C698B9 /* ParseUI.framework */ = {isa = PBXFileReference; lastKnownFileType = wrapper.framework; path = ParseUI.framework; sourceTree = "<group>"; };
		8900F4001B0C168000C698B9 /* ParseFacebookUtilsV4.framework */ = {isa = PBXFileReference; lastKnownFileType = wrapper.framework; path = ParseFacebookUtilsV4.framework; sourceTree = "<group>"; };
		8900F4011B0C168000C698B9 /* ParseFacebookUtils.framework */ = {isa = PBXFileReference; lastKnownFileType = wrapper.framework; path = ParseFacebookUtils.framework; sourceTree = "<group>"; };
		89B3A9C01B13D74D0034B536 /* Default-568h@2x.png */ = {isa = PBXFileReference; lastKnownFileType = image.png; path = "Default-568h@2x.png"; sourceTree = "<group>"; };
		89B3A9C21B13D75B0034B536 /* Default@2x.png */ = {isa = PBXFileReference; lastKnownFileType = image.png; path = "Default@2x.png"; sourceTree = "<group>"; };
		89CFD11B1B0FCBF0001BE82F /* UIViewExtensions.swift */ = {isa = PBXFileReference; fileEncoding = 4; lastKnownFileType = sourcecode.swift; path = UIViewExtensions.swift; sourceTree = "<group>"; };
		89CFD11D1B11304D001BE82F /* Settings.bundle */ = {isa = PBXFileReference; lastKnownFileType = "wrapper.plug-in"; path = Settings.bundle; sourceTree = "<group>"; };
		89CFD1271B127111001BE82F /* CooperHewitt-Bold.otf */ = {isa = PBXFileReference; lastKnownFileType = file; name = "CooperHewitt-Bold.otf"; path = "../CooperHewitt-Bold.otf"; sourceTree = "<group>"; };
		89CFD1281B127111001BE82F /* CooperHewitt-BoldItalic.otf */ = {isa = PBXFileReference; lastKnownFileType = file; name = "CooperHewitt-BoldItalic.otf"; path = "../CooperHewitt-BoldItalic.otf"; sourceTree = "<group>"; };
		89CFD1291B127111001BE82F /* CooperHewitt-Book.otf */ = {isa = PBXFileReference; lastKnownFileType = file; name = "CooperHewitt-Book.otf"; path = "../CooperHewitt-Book.otf"; sourceTree = "<group>"; };
		89CFD12A1B127111001BE82F /* CooperHewitt-BookItalic.otf */ = {isa = PBXFileReference; lastKnownFileType = file; name = "CooperHewitt-BookItalic.otf"; path = "../CooperHewitt-BookItalic.otf"; sourceTree = "<group>"; };
		89CFD12B1B127111001BE82F /* CooperHewitt-Heavy.otf */ = {isa = PBXFileReference; lastKnownFileType = file; name = "CooperHewitt-Heavy.otf"; path = "../CooperHewitt-Heavy.otf"; sourceTree = "<group>"; };
		89CFD12C1B127111001BE82F /* CooperHewitt-HeavyItalic.otf */ = {isa = PBXFileReference; lastKnownFileType = file; name = "CooperHewitt-HeavyItalic.otf"; path = "../CooperHewitt-HeavyItalic.otf"; sourceTree = "<group>"; };
		89CFD12D1B127111001BE82F /* CooperHewitt-Light.otf */ = {isa = PBXFileReference; lastKnownFileType = file; name = "CooperHewitt-Light.otf"; path = "../CooperHewitt-Light.otf"; sourceTree = "<group>"; };
		89CFD12E1B127111001BE82F /* CooperHewitt-LightItalic.otf */ = {isa = PBXFileReference; lastKnownFileType = file; name = "CooperHewitt-LightItalic.otf"; path = "../CooperHewitt-LightItalic.otf"; sourceTree = "<group>"; };
		89CFD12F1B127111001BE82F /* CooperHewitt-Medium.otf */ = {isa = PBXFileReference; lastKnownFileType = file; name = "CooperHewitt-Medium.otf"; path = "../CooperHewitt-Medium.otf"; sourceTree = "<group>"; };
		89CFD1301B127111001BE82F /* CooperHewitt-MediumItalic.otf */ = {isa = PBXFileReference; lastKnownFileType = file; name = "CooperHewitt-MediumItalic.otf"; path = "../CooperHewitt-MediumItalic.otf"; sourceTree = "<group>"; };
		89CFD1311B127111001BE82F /* CooperHewitt-Semibold.otf */ = {isa = PBXFileReference; lastKnownFileType = file; name = "CooperHewitt-Semibold.otf"; path = "../CooperHewitt-Semibold.otf"; sourceTree = "<group>"; };
		89CFD1321B127111001BE82F /* CooperHewitt-SemiboldItalic.otf */ = {isa = PBXFileReference; lastKnownFileType = file; name = "CooperHewitt-SemiboldItalic.otf"; path = "../CooperHewitt-SemiboldItalic.otf"; sourceTree = "<group>"; };
		89CFD1331B127111001BE82F /* CooperHewitt-Thin.otf */ = {isa = PBXFileReference; lastKnownFileType = file; name = "CooperHewitt-Thin.otf"; path = "../CooperHewitt-Thin.otf"; sourceTree = "<group>"; };
		89CFD1341B127111001BE82F /* CooperHewitt-ThinItalic.otf */ = {isa = PBXFileReference; lastKnownFileType = file; name = "CooperHewitt-ThinItalic.otf"; path = "../CooperHewitt-ThinItalic.otf"; sourceTree = "<group>"; };
/* End PBXFileReference section */

/* Begin PBXFrameworksBuildPhase section */
		8900F3B31B0C0BB800C698B9 /* Frameworks */ = {
			isa = PBXFrameworksBuildPhase;
			buildActionMask = 2147483647;
			files = (
				8900F3FD1B0C131700C698B9 /* libsqlite3.dylib in Frameworks */,
				8900F3FB1B0C130F00C698B9 /* libz.dylib in Frameworks */,
				8900F3F91B0C130900C698B9 /* SystemConfiguration.framework in Frameworks */,
				8900F3F71B0C130300C698B9 /* StoreKit.framework in Frameworks */,
				8900F3F51B0C12FB00C698B9 /* Security.framework in Frameworks */,
				8900F4051B0C168000C698B9 /* ParseFacebookUtils.framework in Frameworks */,
				8900F4021B0C168000C698B9 /* ParseCrashReporting.framework in Frameworks */,
				8900F3F31B0C12F600C698B9 /* QuartzCore.framework in Frameworks */,
				8900F3F11B0C12EF00C698B9 /* MobileCoreServices.framework in Frameworks */,
				8900F3EF1B0C12E700C698B9 /* CoreLocation.framework in Frameworks */,
				8900F3ED1B0C12E200C698B9 /* CoreGraphics.framework in Frameworks */,
				8900F4041B0C168000C698B9 /* ParseFacebookUtilsV4.framework in Frameworks */,
				8900F3EB1B0C12DA00C698B9 /* CFNetwork.framework in Frameworks */,
				8900F3E91B0C12C500C698B9 /* AudioToolbox.framework in Frameworks */,
				8900F4031B0C168000C698B9 /* ParseUI.framework in Frameworks */,
				8900F3E11B0C126000C698B9 /* Bolts.framework in Frameworks */,
				8900F3E61B0C126000C698B9 /* Parse.framework in Frameworks */,
			);
			runOnlyForDeploymentPostprocessing = 0;
		};
		8900F3C81B0C0BB800C698B9 /* Frameworks */ = {
			isa = PBXFrameworksBuildPhase;
			buildActionMask = 2147483647;
			files = (
			);
			runOnlyForDeploymentPostprocessing = 0;
		};
/* End PBXFrameworksBuildPhase section */

/* Begin PBXGroup section */
		8900F3AD1B0C0BB800C698B9 = {
			isa = PBXGroup;
			children = (
				89B3A9C21B13D75B0034B536 /* Default@2x.png */,
				89B3A9C01B13D74D0034B536 /* Default-568h@2x.png */,
				89CFD11D1B11304D001BE82F /* Settings.bundle */,
				8900F3E71B0C128200C698B9 /* Frameworks */,
				8900F3B81B0C0BB800C698B9 /* Draper */,
				8900F3CE1B0C0BB800C698B9 /* DraperTests */,
				8900F3B71B0C0BB800C698B9 /* Products */,
			);
			sourceTree = "<group>";
		};
		8900F3B71B0C0BB800C698B9 /* Products */ = {
			isa = PBXGroup;
			children = (
				8900F3B61B0C0BB800C698B9 /* Draper.app */,
				8900F3CB1B0C0BB800C698B9 /* Draper.Tests.xctest */,
			);
			name = Products;
			sourceTree = "<group>";
		};
		8900F3B81B0C0BB800C698B9 /* Draper */ = {
			isa = PBXGroup;
			children = (
				89CFD1351B12713B001BE82F /* Resources */,
				8900F3BB1B0C0BB800C698B9 /* AppDelegate.swift */,
				8900F3BD1B0C0BB800C698B9 /* ViewController.swift */,
				8900F3BF1B0C0BB800C698B9 /* Main.storyboard */,
				8900F3C21B0C0BB800C698B9 /* Images.xcassets */,
				8900F3B91B0C0BB800C698B9 /* Supporting Files */,
				89CFD11B1B0FCBF0001BE82F /* UIViewExtensions.swift */,
			);
			name = Draper;
			path = MadMen;
			sourceTree = "<group>";
		};
		8900F3B91B0C0BB800C698B9 /* Supporting Files */ = {
			isa = PBXGroup;
			children = (
				8900F3BA1B0C0BB800C698B9 /* Info.plist */,
			);
			name = "Supporting Files";
			sourceTree = "<group>";
		};
		8900F3CE1B0C0BB800C698B9 /* DraperTests */ = {
			isa = PBXGroup;
			children = (
				8900F3D11B0C0BB900C698B9 /* DraperTests.swift */,
				8900F3CF1B0C0BB900C698B9 /* Supporting Files */,
			);
			name = DraperTests;
			path = MadMenTests;
			sourceTree = "<group>";
		};
		8900F3CF1B0C0BB900C698B9 /* Supporting Files */ = {
			isa = PBXGroup;
			children = (
				8900F3D01B0C0BB900C698B9 /* Info.plist */,
			);
			name = "Supporting Files";
			sourceTree = "<group>";
		};
		8900F3E71B0C128200C698B9 /* Frameworks */ = {
			isa = PBXGroup;
			children = (
				8900F3FE1B0C168000C698B9 /* ParseCrashReporting.framework */,
				8900F3FF1B0C168000C698B9 /* ParseUI.framework */,
				8900F4001B0C168000C698B9 /* ParseFacebookUtilsV4.framework */,
				8900F4011B0C168000C698B9 /* ParseFacebookUtils.framework */,
				8900F3FC1B0C131700C698B9 /* libsqlite3.dylib */,
				8900F3FA1B0C130F00C698B9 /* libz.dylib */,
				8900F3F81B0C130900C698B9 /* SystemConfiguration.framework */,
				8900F3F61B0C130300C698B9 /* StoreKit.framework */,
				8900F3F41B0C12FB00C698B9 /* Security.framework */,
				8900F3F21B0C12F600C698B9 /* QuartzCore.framework */,
				8900F3F01B0C12EF00C698B9 /* MobileCoreServices.framework */,
				8900F3EE1B0C12E700C698B9 /* CoreLocation.framework */,
				8900F3EC1B0C12E200C698B9 /* CoreGraphics.framework */,
				8900F3EA1B0C12DA00C698B9 /* CFNetwork.framework */,
				8900F3E81B0C12C500C698B9 /* AudioToolbox.framework */,
				8900F3DB1B0C126000C698B9 /* Bolts.framework */,
				8900F3E01B0C126000C698B9 /* Parse.framework */,
			);
			name = Frameworks;
			sourceTree = "<group>";
		};
		89CFD1351B12713B001BE82F /* Resources */ = {
			isa = PBXGroup;
			children = (
				89CFD1361B127143001BE82F /* Fonts */,
			);
			name = Resources;
			sourceTree = "<group>";
		};
		89CFD1361B127143001BE82F /* Fonts */ = {
			isa = PBXGroup;
			children = (
				89CFD1271B127111001BE82F /* CooperHewitt-Bold.otf */,
				89CFD1281B127111001BE82F /* CooperHewitt-BoldItalic.otf */,
				89CFD1291B127111001BE82F /* CooperHewitt-Book.otf */,
				89CFD12A1B127111001BE82F /* CooperHewitt-BookItalic.otf */,
				89CFD12B1B127111001BE82F /* CooperHewitt-Heavy.otf */,
				89CFD12C1B127111001BE82F /* CooperHewitt-HeavyItalic.otf */,
				89CFD12D1B127111001BE82F /* CooperHewitt-Light.otf */,
				89CFD12E1B127111001BE82F /* CooperHewitt-LightItalic.otf */,
				89CFD12F1B127111001BE82F /* CooperHewitt-Medium.otf */,
				89CFD1301B127111001BE82F /* CooperHewitt-MediumItalic.otf */,
				89CFD1311B127111001BE82F /* CooperHewitt-Semibold.otf */,
				89CFD1321B127111001BE82F /* CooperHewitt-SemiboldItalic.otf */,
				89CFD1331B127111001BE82F /* CooperHewitt-Thin.otf */,
				89CFD1341B127111001BE82F /* CooperHewitt-ThinItalic.otf */,
			);
			name = Fonts;
			sourceTree = "<group>";
		};
/* End PBXGroup section */

/* Begin PBXNativeTarget section */
		8900F3B51B0C0BB800C698B9 /* Draper. */ = {
			isa = PBXNativeTarget;
			buildConfigurationList = 8900F3D51B0C0BB900C698B9 /* Build configuration list for PBXNativeTarget "Draper." */;
			buildPhases = (
				8900F3B21B0C0BB800C698B9 /* Sources */,
				8900F3B31B0C0BB800C698B9 /* Frameworks */,
				8900F3B41B0C0BB800C698B9 /* Resources */,
			);
			buildRules = (
			);
			dependencies = (
			);
			name = Draper.;
			productName = MadMen;
			productReference = 8900F3B61B0C0BB800C698B9 /* Draper.app */;
			productType = "com.apple.product-type.application";
		};
		8900F3CA1B0C0BB800C698B9 /* Draper.Tests */ = {
			isa = PBXNativeTarget;
			buildConfigurationList = 8900F3D81B0C0BB900C698B9 /* Build configuration list for PBXNativeTarget "Draper.Tests" */;
			buildPhases = (
				8900F3C71B0C0BB800C698B9 /* Sources */,
				8900F3C81B0C0BB800C698B9 /* Frameworks */,
				8900F3C91B0C0BB800C698B9 /* Resources */,
			);
			buildRules = (
			);
			dependencies = (
				8900F3CD1B0C0BB800C698B9 /* PBXTargetDependency */,
			);
			name = Draper.Tests;
			productName = MadMenTests;
			productReference = 8900F3CB1B0C0BB800C698B9 /* Draper.Tests.xctest */;
			productType = "com.apple.product-type.bundle.unit-test";
		};
/* End PBXNativeTarget section */

/* Begin PBXProject section */
		8900F3AE1B0C0BB800C698B9 /* Project object */ = {
			isa = PBXProject;
			attributes = {
				LastUpgradeCheck = 0630;
				ORGANIZATIONNAME = ritmatter;
				TargetAttributes = {
					8900F3B51B0C0BB800C698B9 = {
						CreatedOnToolsVersion = 6.3.1;
						DevelopmentTeam = 3Q36JC3267;
					};
					8900F3CA1B0C0BB800C698B9 = {
						CreatedOnToolsVersion = 6.3.1;
						TestTargetID = 8900F3B51B0C0BB800C698B9;
					};
				};
			};
			buildConfigurationList = 8900F3B11B0C0BB800C698B9 /* Build configuration list for PBXProject "Draper" */;
			compatibilityVersion = "Xcode 3.2";
			developmentRegion = English;
			hasScannedForEncodings = 0;
			knownRegions = (
				en,
				Base,
			);
			mainGroup = 8900F3AD1B0C0BB800C698B9;
			productRefGroup = 8900F3B71B0C0BB800C698B9 /* Products */;
			projectDirPath = "";
			projectRoot = "";
			targets = (
				8900F3B51B0C0BB800C698B9 /* Draper. */,
				8900F3CA1B0C0BB800C698B9 /* Draper.Tests */,
			);
		};
/* End PBXProject section */

/* Begin PBXResourcesBuildPhase section */
		8900F3B41B0C0BB800C698B9 /* Resources */ = {
			isa = PBXResourcesBuildPhase;
			buildActionMask = 2147483647;
			files = (
				89CFD1381B1271B1001BE82F /* CooperHewitt-BoldItalic.otf in Resources */,
				89CFD1391B1271B1001BE82F /* CooperHewitt-Book.otf in Resources */,
				89CFD13A1B1271B1001BE82F /* CooperHewitt-BookItalic.otf in Resources */,
				89CFD13B1B1271B1001BE82F /* CooperHewitt-Heavy.otf in Resources */,
				89CFD13C1B1271B1001BE82F /* CooperHewitt-HeavyItalic.otf in Resources */,
				89CFD13D1B1271B1001BE82F /* CooperHewitt-Light.otf in Resources */,
				89CFD13E1B1271B1001BE82F /* CooperHewitt-LightItalic.otf in Resources */,
				89CFD13F1B1271B1001BE82F /* CooperHewitt-Medium.otf in Resources */,
				89CFD1401B1271B1001BE82F /* CooperHewitt-MediumItalic.otf in Resources */,
				89CFD1411B1271B1001BE82F /* CooperHewitt-Semibold.otf in Resources */,
				89CFD1421B1271B1001BE82F /* CooperHewitt-SemiboldItalic.otf in Resources */,
				89B3A9C11B13D74D0034B536 /* Default-568h@2x.png in Resources */,
				89CFD1431B1271B1001BE82F /* CooperHewitt-Thin.otf in Resources */,
				89CFD1441B1271B1001BE82F /* CooperHewitt-ThinItalic.otf in Resources */,
				89CFD11E1B11304D001BE82F /* Settings.bundle in Resources */,
				89CFD1371B12715C001BE82F /* CooperHewitt-Bold.otf in Resources */,
				89B3A9C31B13D75B0034B536 /* Default@2x.png in Resources */,
				8900F3C11B0C0BB800C698B9 /* Main.storyboard in Resources */,
				8900F3C31B0C0BB800C698B9 /* Images.xcassets in Resources */,
			);
			runOnlyForDeploymentPostprocessing = 0;
		};
		8900F3C91B0C0BB800C698B9 /* Resources */ = {
			isa = PBXResourcesBuildPhase;
			buildActionMask = 2147483647;
			files = (
			);
			runOnlyForDeploymentPostprocessing = 0;
		};
/* End PBXResourcesBuildPhase section */

/* Begin PBXSourcesBuildPhase section */
		8900F3B21B0C0BB800C698B9 /* Sources */ = {
			isa = PBXSourcesBuildPhase;
			buildActionMask = 2147483647;
			files = (
				8900F3BE1B0C0BB800C698B9 /* ViewController.swift in Sources */,
				89CFD11C1B0FCBF0001BE82F /* UIViewExtensions.swift in Sources */,
				8900F3BC1B0C0BB800C698B9 /* AppDelegate.swift in Sources */,
			);
			runOnlyForDeploymentPostprocessing = 0;
		};
		8900F3C71B0C0BB800C698B9 /* Sources */ = {
			isa = PBXSourcesBuildPhase;
			buildActionMask = 2147483647;
			files = (
				8900F3D21B0C0BB900C698B9 /* DraperTests.swift in Sources */,
			);
			runOnlyForDeploymentPostprocessing = 0;
		};
/* End PBXSourcesBuildPhase section */

/* Begin PBXTargetDependency section */
		8900F3CD1B0C0BB800C698B9 /* PBXTargetDependency */ = {
			isa = PBXTargetDependency;
			target = 8900F3B51B0C0BB800C698B9 /* Draper. */;
			targetProxy = 8900F3CC1B0C0BB800C698B9 /* PBXContainerItemProxy */;
		};
/* End PBXTargetDependency section */

/* Begin PBXVariantGroup section */
		8900F3BF1B0C0BB800C698B9 /* Main.storyboard */ = {
			isa = PBXVariantGroup;
			children = (
				8900F3C01B0C0BB800C698B9 /* Base */,
			);
			name = Main.storyboard;
			sourceTree = "<group>";
		};
/* End PBXVariantGroup section */

/* Begin XCBuildConfiguration section */
		8900F3D31B0C0BB900C698B9 /* Debug */ = {
			isa = XCBuildConfiguration;
			buildSettings = {
				ALWAYS_SEARCH_USER_PATHS = NO;
				CLANG_CXX_LANGUAGE_STANDARD = "gnu++0x";
				CLANG_CXX_LIBRARY = "libc++";
				CLANG_ENABLE_MODULES = YES;
				CLANG_ENABLE_OBJC_ARC = YES;
				CLANG_WARN_BOOL_CONVERSION = YES;
				CLANG_WARN_CONSTANT_CONVERSION = YES;
				CLANG_WARN_DIRECT_OBJC_ISA_USAGE = YES_ERROR;
				CLANG_WARN_EMPTY_BODY = YES;
				CLANG_WARN_ENUM_CONVERSION = YES;
				CLANG_WARN_INT_CONVERSION = YES;
				CLANG_WARN_OBJC_ROOT_CLASS = YES_ERROR;
				CLANG_WARN_UNREACHABLE_CODE = YES;
				CLANG_WARN__DUPLICATE_METHOD_MATCH = YES;
				"CODE_SIGN_IDENTITY[sdk=iphoneos*]" = "iPhone Developer";
				COMPRESS_PNG_FILES = NO;
				COPY_PHASE_STRIP = NO;
				DEBUG_INFORMATION_FORMAT = "dwarf-with-dsym";
				ENABLE_STRICT_OBJC_MSGSEND = YES;
				GCC_C_LANGUAGE_STANDARD = gnu99;
				GCC_DYNAMIC_NO_PIC = NO;
				GCC_NO_COMMON_BLOCKS = YES;
				GCC_OPTIMIZATION_LEVEL = 0;
				GCC_PREPROCESSOR_DEFINITIONS = (
					"DEBUG=1",
					"$(inherited)",
				);
				GCC_SYMBOLS_PRIVATE_EXTERN = NO;
				GCC_WARN_64_TO_32_BIT_CONVERSION = YES;
				GCC_WARN_ABOUT_RETURN_TYPE = YES_ERROR;
				GCC_WARN_UNDECLARED_SELECTOR = YES;
				GCC_WARN_UNINITIALIZED_AUTOS = YES_AGGRESSIVE;
				GCC_WARN_UNUSED_FUNCTION = YES;
				GCC_WARN_UNUSED_VARIABLE = YES;
				IPHONEOS_DEPLOYMENT_TARGET = 8.3;
				MTL_ENABLE_DEBUG_INFO = YES;
				ONLY_ACTIVE_ARCH = YES;
				SDKROOT = iphoneos;
				SWIFT_OPTIMIZATION_LEVEL = "-Onone";
			};
			name = Debug;
		};
		8900F3D41B0C0BB900C698B9 /* Release */ = {
			isa = XCBuildConfiguration;
			buildSettings = {
				ALWAYS_SEARCH_USER_PATHS = NO;
				CLANG_CXX_LANGUAGE_STANDARD = "gnu++0x";
				CLANG_CXX_LIBRARY = "libc++";
				CLANG_ENABLE_MODULES = YES;
				CLANG_ENABLE_OBJC_ARC = YES;
				CLANG_WARN_BOOL_CONVERSION = YES;
				CLANG_WARN_CONSTANT_CONVERSION = YES;
				CLANG_WARN_DIRECT_OBJC_ISA_USAGE = YES_ERROR;
				CLANG_WARN_EMPTY_BODY = YES;
				CLANG_WARN_ENUM_CONVERSION = YES;
				CLANG_WARN_INT_CONVERSION = YES;
				CLANG_WARN_OBJC_ROOT_CLASS = YES_ERROR;
				CLANG_WARN_UNREACHABLE_CODE = YES;
				CLANG_WARN__DUPLICATE_METHOD_MATCH = YES;
				"CODE_SIGN_IDENTITY[sdk=iphoneos*]" = "iPhone Developer";
				COMPRESS_PNG_FILES = NO;
				COPY_PHASE_STRIP = NO;
				DEBUG_INFORMATION_FORMAT = "dwarf-with-dsym";
				ENABLE_NS_ASSERTIONS = NO;
				ENABLE_STRICT_OBJC_MSGSEND = YES;
				GCC_C_LANGUAGE_STANDARD = gnu99;
				GCC_NO_COMMON_BLOCKS = YES;
				GCC_WARN_64_TO_32_BIT_CONVERSION = YES;
				GCC_WARN_ABOUT_RETURN_TYPE = YES_ERROR;
				GCC_WARN_UNDECLARED_SELECTOR = YES;
				GCC_WARN_UNINITIALIZED_AUTOS = YES_AGGRESSIVE;
				GCC_WARN_UNUSED_FUNCTION = YES;
				GCC_WARN_UNUSED_VARIABLE = YES;
				IPHONEOS_DEPLOYMENT_TARGET = 8.3;
				MTL_ENABLE_DEBUG_INFO = NO;
				SDKROOT = iphoneos;
				VALIDATE_PRODUCT = YES;
			};
			name = Release;
		};
		8900F3D61B0C0BB900C698B9 /* Debug */ = {
			isa = XCBuildConfiguration;
			buildSettings = {
				ASSETCATALOG_COMPILER_APPICON_NAME = AppIcon;
				CODE_SIGN_IDENTITY = "iPhone Developer";
				COMPRESS_PNG_FILES = NO;
				FRAMEWORK_SEARCH_PATHS = (
					"$(inherited)",
					"$(PROJECT_DIR)",
				);
				INFOPLIST_FILE = MadMen/Info.plist;
				IPHONEOS_DEPLOYMENT_TARGET = 8.0;
				LD_RUNPATH_SEARCH_PATHS = "$(inherited) @executable_path/Frameworks";
				PRODUCT_NAME = Draper;
				TARGETED_DEVICE_FAMILY = 1;
			};
			name = Debug;
		};
		8900F3D71B0C0BB900C698B9 /* Release */ = {
			isa = XCBuildConfiguration;
			buildSettings = {
				ASSETCATALOG_COMPILER_APPICON_NAME = AppIcon;
				CODE_SIGN_IDENTITY = "iPhone Developer";
				COMPRESS_PNG_FILES = NO;
				FRAMEWORK_SEARCH_PATHS = (
					"$(inherited)",
					"$(PROJECT_DIR)",
				);
				INFOPLIST_FILE = MadMen/Info.plist;
				IPHONEOS_DEPLOYMENT_TARGET = 8.0;
				LD_RUNPATH_SEARCH_PATHS = "$(inherited) @executable_path/Frameworks";
				PRODUCT_NAME = Draper;
				TARGETED_DEVICE_FAMILY = 1;
			};
			name = Release;
		};
		8900F3D91B0C0BB900C698B9 /* Debug */ = {
			isa = XCBuildConfiguration;
			buildSettings = {
				BUNDLE_LOADER = "$(TEST_HOST)";
				FRAMEWORK_SEARCH_PATHS = (
					"$(SDKROOT)/Developer/Library/Frameworks",
					"$(inherited)",
				);
				GCC_PREPROCESSOR_DEFINITIONS = (
					"DEBUG=1",
					"$(inherited)",
				);
				INFOPLIST_FILE = MadMenTests/Info.plist;
				LD_RUNPATH_SEARCH_PATHS = "$(inherited) @executable_path/Frameworks @loader_path/Frameworks";
				PRODUCT_NAME = Draper.Tests;
				TEST_HOST = "";
			};
			name = Debug;
		};
		8900F3DA1B0C0BB900C698B9 /* Release */ = {
			isa = XCBuildConfiguration;
			buildSettings = {
				BUNDLE_LOADER = "$(TEST_HOST)";
				FRAMEWORK_SEARCH_PATHS = (
					"$(SDKROOT)/Developer/Library/Frameworks",
					"$(inherited)",
				);
				INFOPLIST_FILE = MadMenTests/Info.plist;
				LD_RUNPATH_SEARCH_PATHS = "$(inherited) @executable_path/Frameworks @loader_path/Frameworks";
				PRODUCT_NAME = Draper.Tests;
				TEST_HOST = "";
			};
			name = Release;
		};
/* End XCBuildConfiguration section */

/* Begin XCConfigurationList section */
		8900F3B11B0C0BB800C698B9 /* Build configuration list for PBXProject "Draper" */ = {
			isa = XCConfigurationList;
			buildConfigurations = (
				8900F3D31B0C0BB900C698B9 /* Debug */,
				8900F3D41B0C0BB900C698B9 /* Release */,
			);
			defaultConfigurationIsVisible = 0;
			defaultConfigurationName = Release;
		};
		8900F3D51B0C0BB900C698B9 /* Build configuration list for PBXNativeTarget "Draper." */ = {
			isa = XCConfigurationList;
			buildConfigurations = (
				8900F3D61B0C0BB900C698B9 /* Debug */,
				8900F3D71B0C0BB900C698B9 /* Release */,
			);
			defaultConfigurationIsVisible = 0;
			defaultConfigurationName = Release;
		};
		8900F3D81B0C0BB900C698B9 /* Build configuration list for PBXNativeTarget "Draper.Tests" */ = {
			isa = XCConfigurationList;
			buildConfigurations = (
				8900F3D91B0C0BB900C698B9 /* Debug */,
				8900F3DA1B0C0BB900C698B9 /* Release */,
			);
			defaultConfigurationIsVisible = 0;
			defaultConfigurationName = Release;
		};
/* End XCConfigurationList section */
	};
	rootObject = 8900F3AE1B0C0BB800C698B9 /* Project object */;
}
